// !$*UTF8*$!
{
	archiveVersion = 1;
	classes = {
	};
	objectVersion = 46;
	objects = {

/* Begin PBXBuildFile section */
		2D51B5B11D47544A00771348 /* AppDelegate.m in Sources */ = {isa = PBXBuildFile; fileRef = 2D51B5841D47544A00771348 /* AppDelegate.m */; };
		2D51B5B21D47544A00771348 /* ARKitConfig.m in Sources */ = {isa = PBXBuildFile; fileRef = 2D51B5881D47544A00771348 /* ARKitConfig.m */; };
		2D51B5B31D47544A00771348 /* ARKitEngine.m in Sources */ = {isa = PBXBuildFile; fileRef = 2D51B58A1D47544A00771348 /* ARKitEngine.m */; };
		2D51B5B41D47544A00771348 /* LocalizationHelper.m in Sources */ = {isa = PBXBuildFile; fileRef = 2D51B58E1D47544A00771348 /* LocalizationHelper.m */; };
		2D51B5B51D47544A00771348 /* ARGeoCoordinate.m in Sources */ = {isa = PBXBuildFile; fileRef = 2D51B5911D47544A00771348 /* ARGeoCoordinate.m */; };
		2D51B5B61D47544A00771348 /* ARObjectView.m in Sources */ = {isa = PBXBuildFile; fileRef = 2D51B5941D47544A00771348 /* ARObjectView.m */; };
		2D51B5B71D47544A00771348 /* RadarView.m in Sources */ = {isa = PBXBuildFile; fileRef = 2D51B5961D47544A00771348 /* RadarView.m */; };
		2D51B5B91D47544A00771348 /* Annotations.m in Sources */ = {isa = PBXBuildFile; fileRef = 2D51B59C1D47544A00771348 /* Annotations.m */; };
		2D51B5BA1D47544A00771348 /* Map.storyboard in Resources */ = {isa = PBXBuildFile; fileRef = 2D51B59D1D47544A00771348 /* Map.storyboard */; };
		2D51B5BB1D47544A00771348 /* MapVC.m in Sources */ = {isa = PBXBuildFile; fileRef = 2D51B59F1D47544A00771348 /* MapVC.m */; };
		2D51B5BC1D47544A00771348 /* Main.storyboard in Resources */ = {isa = PBXBuildFile; fileRef = 2D51B5A01D47544A00771348 /* Main.storyboard */; };
		2D51B5C01D47544A00771348 /* arrow.png in Resources */ = {isa = PBXBuildFile; fileRef = 2D51B5A91D47544A00771348 /* arrow.png */; };
		2D51B5C11D47544A00771348 /* box.png in Resources */ = {isa = PBXBuildFile; fileRef = 2D51B5AA1D47544A00771348 /* box.png */; };
		2D51B5C21D47544A00771348 /* close.png in Resources */ = {isa = PBXBuildFile; fileRef = 2D51B5AB1D47544A00771348 /* close.png */; };
		2D51B5C31D47544A00771348 /* Default-568h@2x.png in Resources */ = {isa = PBXBuildFile; fileRef = 2D51B5AC1D47544A00771348 /* Default-568h@2x.png */; };
		2D51B5C41D47544A00771348 /* Default.png in Resources */ = {isa = PBXBuildFile; fileRef = 2D51B5AD1D47544A00771348 /* Default.png */; };
		2D51B5C51D47544A00771348 /* Default@2x.png in Resources */ = {isa = PBXBuildFile; fileRef = 2D51B5AE1D47544A00771348 /* Default@2x.png */; };
		2D51B5C61D47544A00771348 /* radar.png in Resources */ = {isa = PBXBuildFile; fileRef = 2D51B5AF1D47544A00771348 /* radar.png */; };
		2D51B5C71D47544A00771348 /* radar_dot.png in Resources */ = {isa = PBXBuildFile; fileRef = 2D51B5B01D47544A00771348 /* radar_dot.png */; };
		2D51B5C91D47545700771348 /* main.m in Sources */ = {isa = PBXBuildFile; fileRef = 2D51B5C81D47545700771348 /* main.m */; };
		2D51B5CE1D47567400771348 /* LaunchScreen.storyboard in Resources */ = {isa = PBXBuildFile; fileRef = 2D51B5CA1D47567400771348 /* LaunchScreen.storyboard */; };
		2D51B5CF1D47567400771348 /* Main.storyboard in Resources */ = {isa = PBXBuildFile; fileRef = 2D51B5CC1D47567400771348 /* Main.storyboard */; };
		2D51B5D11D47569900771348 /* Assets.xcassets in Resources */ = {isa = PBXBuildFile; fileRef = 2D51B5D01D47569900771348 /* Assets.xcassets */; };
/* End PBXBuildFile section */

/* Begin PBXFileReference section */
		2D51B5691D4753A400771348 /* ARDemo.app */ = {isa = PBXFileReference; explicitFileType = wrapper.application; includeInIndex = 0; path = ARDemo.app; sourceTree = BUILT_PRODUCTS_DIR; };
		2D51B57D1D4753A400771348 /* Info.plist */ = {isa = PBXFileReference; lastKnownFileType = text.plist.xml; path = Info.plist; sourceTree = "<group>"; };
		2D51B5831D47544A00771348 /* AppDelegate.h */ = {isa = PBXFileReference; fileEncoding = 4; lastKnownFileType = sourcecode.c.h; path = AppDelegate.h; sourceTree = "<group>"; };
		2D51B5841D47544A00771348 /* AppDelegate.m */ = {isa = PBXFileReference; fileEncoding = 4; lastKnownFileType = sourcecode.c.objc; path = AppDelegate.m; sourceTree = "<group>"; };
		2D51B5861D47544A00771348 /* ARKit.h */ = {isa = PBXFileReference; fileEncoding = 4; lastKnownFileType = sourcecode.c.h; path = ARKit.h; sourceTree = "<group>"; };
		2D51B5871D47544A00771348 /* ARKitConfig.h */ = {isa = PBXFileReference; fileEncoding = 4; lastKnownFileType = sourcecode.c.h; path = ARKitConfig.h; sourceTree = "<group>"; };
		2D51B5881D47544A00771348 /* ARKitConfig.m */ = {isa = PBXFileReference; fileEncoding = 4; lastKnownFileType = sourcecode.c.objc; path = ARKitConfig.m; sourceTree = "<group>"; };
		2D51B5891D47544A00771348 /* ARKitEngine.h */ = {isa = PBXFileReference; fileEncoding = 4; lastKnownFileType = sourcecode.c.h; path = ARKitEngine.h; sourceTree = "<group>"; };
		2D51B58A1D47544A00771348 /* ARKitEngine.m */ = {isa = PBXFileReference; fileEncoding = 4; lastKnownFileType = sourcecode.c.objc; path = ARKitEngine.m; sourceTree = "<group>"; };
		2D51B58B1D47544A00771348 /* ARViewDelegate.h */ = {isa = PBXFileReference; fileEncoding = 4; lastKnownFileType = sourcecode.c.h; path = ARViewDelegate.h; sourceTree = "<group>"; };
		2D51B58C1D47544A00771348 /* LocalizationDelegate.h */ = {isa = PBXFileReference; fileEncoding = 4; lastKnownFileType = sourcecode.c.h; path = LocalizationDelegate.h; sourceTree = "<group>"; };
		2D51B58D1D47544A00771348 /* LocalizationHelper.h */ = {isa = PBXFileReference; fileEncoding = 4; lastKnownFileType = sourcecode.c.h; path = LocalizationHelper.h; sourceTree = "<group>"; };
		2D51B58E1D47544A00771348 /* LocalizationHelper.m */ = {isa = PBXFileReference; fileEncoding = 4; lastKnownFileType = sourcecode.c.objc; path = LocalizationHelper.m; sourceTree = "<group>"; };
		2D51B5901D47544A00771348 /* ARGeoCoordinate.h */ = {isa = PBXFileReference; fileEncoding = 4; lastKnownFileType = sourcecode.c.h; path = ARGeoCoordinate.h; sourceTree = "<group>"; };
		2D51B5911D47544A00771348 /* ARGeoCoordinate.m */ = {isa = PBXFileReference; fileEncoding = 4; lastKnownFileType = sourcecode.c.objc; path = ARGeoCoordinate.m; sourceTree = "<group>"; };
		2D51B5931D47544A00771348 /* ARObjectView.h */ = {isa = PBXFileReference; fileEncoding = 4; lastKnownFileType = sourcecode.c.h; path = ARObjectView.h; sourceTree = "<group>"; };
		2D51B5941D47544A00771348 /* ARObjectView.m */ = {isa = PBXFileReference; fileEncoding = 4; lastKnownFileType = sourcecode.c.objc; path = ARObjectView.m; sourceTree = "<group>"; };
		2D51B5951D47544A00771348 /* RadarView.h */ = {isa = PBXFileReference; fileEncoding = 4; lastKnownFileType = sourcecode.c.h; path = RadarView.h; sourceTree = "<group>"; };
		2D51B5961D47544A00771348 /* RadarView.m */ = {isa = PBXFileReference; fileEncoding = 4; lastKnownFileType = sourcecode.c.objc; path = RadarView.m; sourceTree = "<group>"; };
		2D51B59B1D47544A00771348 /* Annotations.h */ = {isa = PBXFileReference; fileEncoding = 4; lastKnownFileType = sourcecode.c.h; path = Annotations.h; sourceTree = "<group>"; };
		2D51B59C1D47544A00771348 /* Annotations.m */ = {isa = PBXFileReference; fileEncoding = 4; lastKnownFileType = sourcecode.c.objc; path = Annotations.m; sourceTree = "<group>"; };
		2D51B59D1D47544A00771348 /* Map.storyboard */ = {isa = PBXFileReference; fileEncoding = 4; lastKnownFileType = file.storyboard; path = Map.storyboard; sourceTree = "<group>"; };
		2D51B59E1D47544A00771348 /* MapVC.h */ = {isa = PBXFileReference; fileEncoding = 4; lastKnownFileType = sourcecode.c.h; path = MapVC.h; sourceTree = "<group>"; };
		2D51B59F1D47544A00771348 /* MapVC.m */ = {isa = PBXFileReference; fileEncoding = 4; lastKnownFileType = sourcecode.c.objc; path = MapVC.m; sourceTree = "<group>"; };
		2D51B5A01D47544A00771348 /* Main.storyboard */ = {isa = PBXFileReference; fileEncoding = 4; lastKnownFileType = file.storyboard; name = Main.storyboard; path = Classes/Main.storyboard; sourceTree = "<group>"; };
		2D51B5A91D47544A00771348 /* arrow.png */ = {isa = PBXFileReference; lastKnownFileType = image.png; path = arrow.png; sourceTree = "<group>"; };
		2D51B5AA1D47544A00771348 /* box.png */ = {isa = PBXFileReference; lastKnownFileType = image.png; path = box.png; sourceTree = "<group>"; };
		2D51B5AB1D47544A00771348 /* close.png */ = {isa = PBXFileReference; lastKnownFileType = image.png; path = close.png; sourceTree = "<group>"; };
		2D51B5AC1D47544A00771348 /* Default-568h@2x.png */ = {isa = PBXFileReference; lastKnownFileType = image.png; path = "Default-568h@2x.png"; sourceTree = "<group>"; };
		2D51B5AD1D47544A00771348 /* Default.png */ = {isa = PBXFileReference; lastKnownFileType = image.png; path = Default.png; sourceTree = "<group>"; };
		2D51B5AE1D47544A00771348 /* Default@2x.png */ = {isa = PBXFileReference; lastKnownFileType = image.png; path = "Default@2x.png"; sourceTree = "<group>"; };
		2D51B5AF1D47544A00771348 /* radar.png */ = {isa = PBXFileReference; lastKnownFileType = image.png; path = radar.png; sourceTree = "<group>"; };
		2D51B5B01D47544A00771348 /* radar_dot.png */ = {isa = PBXFileReference; lastKnownFileType = image.png; path = radar_dot.png; sourceTree = "<group>"; };
		2D51B5C81D47545700771348 /* main.m */ = {isa = PBXFileReference; fileEncoding = 4; lastKnownFileType = sourcecode.c.objc; path = main.m; sourceTree = "<group>"; };
		2D51B5CB1D47567400771348 /* Base */ = {isa = PBXFileReference; lastKnownFileType = file.storyboard; name = Base; path = LaunchScreen.storyboard; sourceTree = "<group>"; };
		2D51B5CD1D47567400771348 /* Base */ = {isa = PBXFileReference; lastKnownFileType = file.storyboard; name = Base; path = Main.storyboard; sourceTree = "<group>"; };
		2D51B5D01D47569900771348 /* Assets.xcassets */ = {isa = PBXFileReference; lastKnownFileType = folder.assetcatalog; name = Assets.xcassets; path = ARDemo/Assets.xcassets; sourceTree = "<group>"; };
/* End PBXFileReference section */

/* Begin PBXFrameworksBuildPhase section */
		2D51B5661D4753A400771348 /* Frameworks */ = {
			isa = PBXFrameworksBuildPhase;
			buildActionMask = 2147483647;
			files = (
			);
			runOnlyForDeploymentPostprocessing = 0;
		};
/* End PBXFrameworksBuildPhase section */

/* Begin PBXGroup section */
		2D51B5601D4753A400771348 = {
			isa = PBXGroup;
			children = (
				2D51B56B1D4753A400771348 /* ARDemo */,
				2D51B5D01D47569900771348 /* Assets.xcassets */,
				2D51B5A71D47544A00771348 /* Frameworks */,
				2D51B56A1D4753A400771348 /* Products */,
			);
			sourceTree = "<group>";
		};
		2D51B56A1D4753A400771348 /* Products */ = {
			isa = PBXGroup;
			children = (
				2D51B5691D4753A400771348 /* ARDemo.app */,
			);
			name = Products;
			sourceTree = "<group>";
		};
		2D51B56B1D4753A400771348 /* ARDemo */ = {
			isa = PBXGroup;
			children = (
				2D51B5831D47544A00771348 /* AppDelegate.h */,
				2D51B5841D47544A00771348 /* AppDelegate.m */,
				2D51B5C81D47545700771348 /* main.m */,
				2D51B57D1D4753A400771348 /* Info.plist */,
				2D51B5A01D47544A00771348 /* Main.storyboard */,
				2D51B5851D47544A00771348 /* ARKit */,
				2D51B5971D47544A00771348 /* Base.lproj */,
				2D51B5981D47544A00771348 /* Classes */,
				2D51B5A81D47544A00771348 /* Images */,
			);
			path = ARDemo;
			sourceTree = "<group>";
		};
		2D51B5851D47544A00771348 /* ARKit */ = {
			isa = PBXGroup;
			children = (
				2D51B5861D47544A00771348 /* ARKit.h */,
				2D51B5871D47544A00771348 /* ARKitConfig.h */,
				2D51B5881D47544A00771348 /* ARKitConfig.m */,
				2D51B5891D47544A00771348 /* ARKitEngine.h */,
				2D51B58A1D47544A00771348 /* ARKitEngine.m */,
				2D51B58B1D47544A00771348 /* ARViewDelegate.h */,
				2D51B58C1D47544A00771348 /* LocalizationDelegate.h */,
				2D51B58D1D47544A00771348 /* LocalizationHelper.h */,
				2D51B58E1D47544A00771348 /* LocalizationHelper.m */,
				2D51B58F1D47544A00771348 /* Model */,
				2D51B5921D47544A00771348 /* View */,
			);
			path = ARKit;
			sourceTree = "<group>";
		};
		2D51B58F1D47544A00771348 /* Model */ = {
			isa = PBXGroup;
			children = (
				2D51B5901D47544A00771348 /* ARGeoCoordinate.h */,
				2D51B5911D47544A00771348 /* ARGeoCoordinate.m */,
			);
			path = Model;
			sourceTree = "<group>";
		};
		2D51B5921D47544A00771348 /* View */ = {
			isa = PBXGroup;
			children = (
				2D51B5931D47544A00771348 /* ARObjectView.h */,
				2D51B5941D47544A00771348 /* ARObjectView.m */,
				2D51B5951D47544A00771348 /* RadarView.h */,
				2D51B5961D47544A00771348 /* RadarView.m */,
			);
			path = View;
			sourceTree = "<group>";
		};
		2D51B5971D47544A00771348 /* Base.lproj */ = {
			isa = PBXGroup;
			children = (
				2D51B5CA1D47567400771348 /* LaunchScreen.storyboard */,
				2D51B5CC1D47567400771348 /* Main.storyboard */,
			);
			path = Base.lproj;
			sourceTree = "<group>";
		};
		2D51B5981D47544A00771348 /* Classes */ = {
			isa = PBXGroup;
			children = (
				2D51B59A1D47544A00771348 /* Map */,
			);
			path = Classes;
			sourceTree = "<group>";
		};
		2D51B59A1D47544A00771348 /* Map */ = {
			isa = PBXGroup;
			children = (
				2D51B59B1D47544A00771348 /* Annotations.h */,
				2D51B59C1D47544A00771348 /* Annotations.m */,
				2D51B59D1D47544A00771348 /* Map.storyboard */,
				2D51B59E1D47544A00771348 /* MapVC.h */,
				2D51B59F1D47544A00771348 /* MapVC.m */,
			);
			path = Map;
			sourceTree = "<group>";
		};
		2D51B5A71D47544A00771348 /* Frameworks */ = {
			isa = PBXGroup;
			children = (
			);
			name = Frameworks;
			path = ARDemo/Frameworks;
			sourceTree = "<group>";
		};
		2D51B5A81D47544A00771348 /* Images */ = {
			isa = PBXGroup;
			children = (
				2D51B5A91D47544A00771348 /* arrow.png */,
				2D51B5AA1D47544A00771348 /* box.png */,
				2D51B5AB1D47544A00771348 /* close.png */,
				2D51B5AC1D47544A00771348 /* Default-568h@2x.png */,
				2D51B5AD1D47544A00771348 /* Default.png */,
				2D51B5AE1D47544A00771348 /* Default@2x.png */,
				2D51B5AF1D47544A00771348 /* radar.png */,
				2D51B5B01D47544A00771348 /* radar_dot.png */,
			);
			path = Images;
			sourceTree = "<group>";
		};
/* End PBXGroup section */

/* Begin PBXNativeTarget section */
		2D51B5681D4753A400771348 /* ARDemo */ = {
			isa = PBXNativeTarget;
			buildConfigurationList = 2D51B5801D4753A400771348 /* Build configuration list for PBXNativeTarget "ARDemo" */;
			buildPhases = (
				2D51B5651D4753A400771348 /* Sources */,
				2D51B5661D4753A400771348 /* Frameworks */,
				2D51B5671D4753A400771348 /* Resources */,
			);
			buildRules = (
			);
			dependencies = (
			);
			name = ARDemo;
			productName = ARDemo;
			productReference = 2D51B5691D4753A400771348 /* ARDemo.app */;
			productType = "com.apple.product-type.application";
		};
/* End PBXNativeTarget section */

/* Begin PBXProject section */
		2D51B5611D4753A400771348 /* Project object */ = {
			isa = PBXProject;
			attributes = {
				LastUpgradeCheck = 0730;
				ORGANIZATIONNAME = Zan;
				TargetAttributes = {
					2D51B5681D4753A400771348 = {
						CreatedOnToolsVersion = 7.3;
					};
				};
			};
			buildConfigurationList = 2D51B5641D4753A400771348 /* Build configuration list for PBXProject "ARDemo" */;
			compatibilityVersion = "Xcode 3.2";
			developmentRegion = English;
			hasScannedForEncodings = 0;
			knownRegions = (
				en,
				Base,
			);
			mainGroup = 2D51B5601D4753A400771348;
			productRefGroup = 2D51B56A1D4753A400771348 /* Products */;
			projectDirPath = "";
			projectRoot = "";
			targets = (
				2D51B5681D4753A400771348 /* ARDemo */,
			);
		};
/* End PBXProject section */

/* Begin PBXResourcesBuildPhase section */
		2D51B5671D4753A400771348 /* Resources */ = {
			isa = PBXResourcesBuildPhase;
			buildActionMask = 2147483647;
			files = (
				2D51B5C61D47544A00771348 /* radar.png in Resources */,
				2D51B5BC1D47544A00771348 /* Main.storyboard in Resources */,
				2D51B5C41D47544A00771348 /* Default.png in Resources */,
				2D51B5CF1D47567400771348 /* Main.storyboard in Resources */,
				2D51B5C51D47544A00771348 /* Default@2x.png in Resources */,
				2D51B5BA1D47544A00771348 /* Map.storyboard in Resources */,
				2D51B5D11D47569900771348 /* Assets.xcassets in Resources */,
				2D51B5C11D47544A00771348 /* box.png in Resources */,
				2D51B5C21D47544A00771348 /* close.png in Resources */,
				2D51B5C71D47544A00771348 /* radar_dot.png in Resources */,
				2D51B5C31D47544A00771348 /* Default-568h@2x.png in Resources */,
				2D51B5CE1D47567400771348 /* LaunchScreen.storyboard in Resources */,
				2D51B5C01D47544A00771348 /* arrow.png in Resources */,
			);
			runOnlyForDeploymentPostprocessing = 0;
		};
/* End PBXResourcesBuildPhase section */

/* Begin PBXSourcesBuildPhase section */
		2D51B5651D4753A400771348 /* Sources */ = {
			isa = PBXSourcesBuildPhase;
			buildActionMask = 2147483647;
			files = (
				2D51B5C91D47545700771348 /* main.m in Sources */,
				2D51B5B91D47544A00771348 /* Annotations.m in Sources */,
				2D51B5B51D47544A00771348 /* ARGeoCoordinate.m in Sources */,
				2D51B5B41D47544A00771348 /* LocalizationHelper.m in Sources */,
				2D51B5B11D47544A00771348 /* AppDelegate.m in Sources */,
				2D51B5B71D47544A00771348 /* RadarView.m in Sources */,
				2D51B5B31D47544A00771348 /* ARKitEngine.m in Sources */,
				2D51B5B21D47544A00771348 /* ARKitConfig.m in Sources */,
				2D51B5B61D47544A00771348 /* ARObjectView.m in Sources */,
				2D51B5BB1D47544A00771348 /* MapVC.m in Sources */,
			);
			runOnlyForDeploymentPostprocessing = 0;
		};
/* End PBXSourcesBuildPhase section */

/* Begin PBXVariantGroup section */
		2D51B5CA1D47567400771348 /* LaunchScreen.storyboard */ = {
			isa = PBXVariantGroup;
			children = (
				2D51B5CB1D47567400771348 /* Base */,
			);
			name = LaunchScreen.storyboard;
			sourceTree = "<group>";
		};
		2D51B5CC1D47567400771348 /* Main.storyboard */ = {
			isa = PBXVariantGroup;
			children = (
				2D51B5CD1D47567400771348 /* Base */,
			);
			name = Main.storyboard;
			sourceTree = "<group>";
		};
/* End PBXVariantGroup section */

/* Begin XCBuildConfiguration section */
		2D51B57E1D4753A400771348 /* Debug */ = {
			isa = XCBuildConfiguration;
			buildSettings = {
				ALWAYS_SEARCH_USER_PATHS = NO;
				CLANG_ANALYZER_NONNULL = YES;
				CLANG_CXX_LANGUAGE_STANDARD = "gnu++0x";
				CLANG_CXX_LIBRARY = "libc++";
				CLANG_ENABLE_MODULES = YES;
				CLANG_ENABLE_OBJC_ARC = YES;
				CLANG_WARN_BOOL_CONVERSION = YES;
				CLANG_WARN_CONSTANT_CONVERSION = YES;
				CLANG_WARN_DIRECT_OBJC_ISA_USAGE = YES_ERROR;
				CLANG_WARN_EMPTY_BODY = YES;
				CLANG_WARN_ENUM_CONVERSION = YES;
				CLANG_WARN_INT_CONVERSION = YES;
				CLANG_WARN_OBJC_ROOT_CLASS = YES_ERROR;
				CLANG_WARN_UNREACHABLE_CODE = YES;
				CLANG_WARN__DUPLICATE_METHOD_MATCH = YES;
				"CODE_SIGN_IDENTITY[sdk=iphoneos*]" = "iPhone Developer";
				COPY_PHASE_STRIP = NO;
				DEBUG_INFORMATION_FORMAT = dwarf;
				ENABLE_BITCODE = YES;
				ENABLE_STRICT_OBJC_MSGSEND = YES;
				ENABLE_TESTABILITY = YES;
				GCC_C_LANGUAGE_STANDARD = gnu99;
				GCC_DYNAMIC_NO_PIC = NO;
				GCC_NO_COMMON_BLOCKS = YES;
				GCC_OPTIMIZATION_LEVEL = 0;
				GCC_PREPROCESSOR_DEFINITIONS = (
					"DEBUG=1",
					"$(inherited)",
				);
				GCC_WARN_64_TO_32_BIT_CONVERSION = YES;
				GCC_WARN_ABOUT_RETURN_TYPE = YES_ERROR;
				GCC_WARN_UNDECLARED_SELECTOR = YES;
				GCC_WARN_UNINITIALIZED_AUTOS = YES_AGGRESSIVE;
				GCC_WARN_UNUSED_FUNCTION = YES;
				GCC_WARN_UNUSED_VARIABLE = YES;
				IPHONEOS_DEPLOYMENT_TARGET = 9.3;
				MTL_ENABLE_DEBUG_INFO = YES;
				ONLY_ACTIVE_ARCH = YES;
				SDKROOT = iphoneos;
				TARGETED_DEVICE_FAMILY = "1,2";
			};
			name = Debug;
		};
		2D51B57F1D4753A400771348 /* Release */ = {
			isa = XCBuildConfiguration;
			buildSettings = {
				ALWAYS_SEARCH_USER_PATHS = NO;
				CLANG_ANALYZER_NONNULL = YES;
				CLANG_CXX_LANGUAGE_STANDARD = "gnu++0x";
				CLANG_CXX_LIBRARY = "libc++";
				CLANG_ENABLE_MODULES = YES;
				CLANG_ENABLE_OBJC_ARC = YES;
				CLANG_WARN_BOOL_CONVERSION = YES;
				CLANG_WARN_CONSTANT_CONVERSION = YES;
				CLANG_WARN_DIRECT_OBJC_ISA_USAGE = YES_ERROR;
				CLANG_WARN_EMPTY_BODY = YES;
				CLANG_WARN_ENUM_CONVERSION = YES;
				CLANG_WARN_INT_CONVERSION = YES;
				CLANG_WARN_OBJC_ROOT_CLASS = YES_ERROR;
				CLANG_WARN_UNREACHABLE_CODE = YES;
				CLANG_WARN__DUPLICATE_METHOD_MATCH = YES;
				"CODE_SIGN_IDENTITY[sdk=iphoneos*]" = "iPhone Developer";
				COPY_PHASE_STRIP = NO;
				DEBUG_INFORMATION_FORMAT = "dwarf-with-dsym";
				ENABLE_BITCODE = YES;
				ENABLE_NS_ASSERTIONS = NO;
				ENABLE_STRICT_OBJC_MSGSEND = YES;
				GCC_C_LANGUAGE_STANDARD = gnu99;
				GCC_NO_COMMON_BLOCKS = YES;
				GCC_WARN_64_TO_32_BIT_CONVERSION = YES;
				GCC_WARN_ABOUT_RETURN_TYPE = YES_ERROR;
				GCC_WARN_UNDECLARED_SELECTOR = YES;
				GCC_WARN_UNINITIALIZED_AUTOS = YES_AGGRESSIVE;
				GCC_WARN_UNUSED_FUNCTION = YES;
				GCC_WARN_UNUSED_VARIABLE = YES;
				IPHONEOS_DEPLOYMENT_TARGET = 9.3;
				MTL_ENABLE_DEBUG_INFO = NO;
				SDKROOT = iphoneos;
				TARGETED_DEVICE_FAMILY = "1,2";
				VALIDATE_PRODUCT = YES;
			};
			name = Release;
		};
		2D51B5811D4753A400771348 /* Debug */ = {
			isa = XCBuildConfiguration;
			buildSettings = {
				ASSETCATALOG_COMPILER_APPICON_NAME = AppIcon;
				ENABLE_BITCODE = NO;
				INFOPLIST_FILE = ARDemo/Info.plist;
				IPHONEOS_DEPLOYMENT_TARGET = 8.0;
				LD_RUNPATH_SEARCH_PATHS = "$(inherited) @executable_path/Frameworks";
				LINKER_DISPLAYS_MANGLED_NAMES = NO;
				LINK_WITH_STANDARD_LIBRARIES = YES;
				PRODUCT_BUNDLE_IDENTIFIER = kamino.ARDemo;
				PRODUCT_NAME = "$(TARGET_NAME)";
			};
			name = Debug;
		};
		2D51B5821D4753A400771348 /* Release */ = {
			isa = XCBuildConfiguration;
			buildSettings = {
				ASSETCATALOG_COMPILER_APPICON_NAME = AppIcon;
				ENABLE_BITCODE = NO;
				INFOPLIST_FILE = ARDemo/Info.plist;
				IPHONEOS_DEPLOYMENT_TARGET = 8.0;
				LD_RUNPATH_SEARCH_PATHS = "$(inherited) @executable_path/Frameworks";
				LINKER_DISPLAYS_MANGLED_NAMES = NO;
				LINK_WITH_STANDARD_LIBRARIES = YES;
				PRODUCT_BUNDLE_IDENTIFIER = kamino.ARDemo;
				PRODUCT_NAME = "$(TARGET_NAME)";
			};
			name = Release;
		};
/* End XCBuildConfiguration section */

/* Begin XCConfigurationList section */
		2D51B5641D4753A400771348 /* Build configuration list for PBXProject "ARDemo" */ = {
			isa = XCConfigurationList;
			buildConfigurations = (
				2D51B57E1D4753A400771348 /* Debug */,
				2D51B57F1D4753A400771348 /* Release */,
			);
			defaultConfigurationIsVisible = 0;
			defaultConfigurationName = Release;
		};
		2D51B5801D4753A400771348 /* Build configuration list for PBXNativeTarget "ARDemo" */ = {
			isa = XCConfigurationList;
			buildConfigurations = (
				2D51B5811D4753A400771348 /* Debug */,
				2D51B5821D4753A400771348 /* Release */,
			);
			defaultConfigurationIsVisible = 0;
		};
/* End XCConfigurationList section */
	};
	rootObject = 2D51B5611D4753A400771348 /* Project object */;
}
